
Microsoft Visual Studio Solution File, Format Version 12.00
# Visual Studio 15
VisualStudioVersion = 15.0.28307.136
MinimumVisualStudioVersion = 10.0.40219.1
Project("{FAE04EC0-301F-11D3-BF4B-00C04F79EFBC}") = "WHouse", "WHouse\WHouse.csproj", "{FA229572-CED8-4B9A-9D19-C1E7A336FA2A}"
EndProject
Project("{FAE04EC0-301F-11D3-BF4B-00C04F79EFBC}") = "WorkerEnvironment", "WorkerEnvironment\WorkerEnvironment.csproj", "{6880BDC4-7D4E-4B27-94DE-2E80C30539ED}"
EndProject
Global
	GlobalSection(SolutionConfigurationPlatforms) = preSolution
		Debug|Any CPU = Debug|Any CPU
		Release|Any CPU = Release|Any CPU
	EndGlobalSection
	GlobalSection(ProjectConfigurationPlatforms) = postSolution
		{FA229572-CED8-4B9A-9D19-C1E7A336FA2A}.Debug|Any CPU.ActiveCfg = Debug|Any CPU
		{FA229572-CED8-4B9A-9D19-C1E7A336FA2A}.Debug|Any CPU.Build.0 = Debug|Any CPU
		{FA229572-CED8-4B9A-9D19-C1E7A336FA2A}.Release|Any CPU.ActiveCfg = Release|Any CPU
		{FA229572-CED8-4B9A-9D19-C1E7A336FA2A}.Release|Any CPU.Build.0 = Release|Any CPU
		{6880BDC4-7D4E-4B27-94DE-2E80C30539ED}.Debug|Any CPU.ActiveCfg = Debug|Any CPU
		{6880BDC4-7D4E-4B27-94DE-2E80C30539ED}.Debug|Any CPU.Build.0 = Debug|Any CPU
		{6880BDC4-7D4E-4B27-94DE-2E80C30539ED}.Release|Any CPU.ActiveCfg = Release|Any CPU
		{6880BDC4-7D4E-4B27-94DE-2E80C30539ED}.Release|Any CPU.Build.0 = Release|Any CPU
	EndGlobalSection
	GlobalSection(SolutionProperties) = preSolution
		HideSolutionNode = FALSE
	EndGlobalSection
	GlobalSection(ExtensibilityGlobals) = postSolution
		SolutionGuid = {8E7B5678-C75A-43BE-9DDD-DD1D4AAB131D}
	EndGlobalSection
EndGlobal
